<Solution>
  <Project Path="NetCoreAI.Project10_TextToSpeech/NetCoreAI.Project10_TextToSpeech.csproj" Id="fc2a3e79-70cd-465e-9feb-a7c955fc8a01" />
  <Project Path="NetCoreAI.Project11_TextToSpeechWithOpenAi/NetCoreAI.Project11_TextToSpeechWithOpenAi.csproj" Id="fd9417a3-19be-4708-b077-1ed578cce593" />
  <Project Path="NetCoreAI.Project12_SentimentAnalysis/NetCoreAI.Project12_SentimentAnalysis.csproj" Id="5d5960e9-b1e7-46e3-9300-3b7de198b8a3" />
  <Project Path="NetCoreAI.Project13_SentimentAnalysisWithPercentageDegrees/NetCoreAI.Project13_SentimentAnalysisWithPercentageDegrees.csproj" Id="356a8e7b-68dd-44c0-8068-a6fd3ccbf2f3" />
  <Project Path="NetCoreAI.Project14_TextSummarization/NetCoreAI.Project14_TextSummarization.csproj" Id="cf4794e4-9748-480a-894a-1555600ffc3a" />
  <Project Path="NetCoreAI.Project16_PdfAnalysisAndSummarization/NetCoreAI.Project16_PdfAnalysisAndSummarization.csproj" Id="a05a9d6b-01ab-49df-94b8-c8321322f5d0" />
  <Project Path="NetCoreAI.Project1_Api101/NetCoreAI.Project01_Api101.csproj" />
  <Project Path="NetCoreAI.Project2_ApiConsumption/NetCoreAI.Project02_ApiConsumption.csproj" Id="e0be7ca6-c2ce-4083-a5e0-c2eb34d0ed90" />
  <Project Path="NetCoreAI.Project3_RapidApi/NetCoreAI.Project03_RapidApi.csproj" Id="e6f37a3d-dd96-4290-9d7f-34c0d28aa3a2" />
  <Project Path="NetCoreAI.Project4_OpenAiChat/NetCoreAI.Project04_OpenAiChat.csproj" Id="4f57c3f9-2b33-4375-90f0-5207b22478c7" />
  <Project Path="NetCoreAI.Project5_OpenAiAudioToTextWithWhisper/NetCoreAI.Project05_OpenAiAudioToTextWithWhisper.csproj" Id="9dad118d-2be6-44ce-8a76-f57c4ee2e897" />
  <Project Path="NetCoreAI.Project6_OpenAiImageGenerationWithDallE/NetCoreAI.Project06_OpenAiImageGenerationWithDallE.csproj" Id="0776f970-63b1-445e-8bfe-8201acf1f194" />
  <Project Path="NetCoreAI.Project7_TesseractOcr/NetCoreAI.Project07_TesseractOcr.csproj" Id="e3b6888e-a0ca-40a4-b2ac-71f057a818aa" />
  <Project Path="NetCoreAI.Project8_GoogleCloudVision/NetCoreAI.Project08_GoogleCloudVision.csproj" Id="2375653a-f67a-4864-ac77-c58175b5d87b" />
  <Project Path="NetCoreAI.Project9_TranslationWithOpenAi/NetCoreAI.Project09_TranslationWithOpenAi.csproj" Id="4a9af01a-6df6-4eb8-9660-4505544c6d88" />
</Solution>
