<Solution>
  <Project Path="NetCoreAI.Project1_Api101/NetCoreAI.Project1_Api101.csproj" />
  <Project Path="NetCoreAI.Project2_ApiConsumption/NetCoreAI.Project2_ApiConsumption.csproj" Id="e0be7ca6-c2ce-4083-a5e0-c2eb34d0ed90" />
  <Project Path="NetCoreAI.Project3_RapidApi/NetCoreAI.Project3_RapidApi.csproj" Id="e6f37a3d-dd96-4290-9d7f-34c0d28aa3a2" />
  <Project Path="NetCoreAI.Project4_OpenAiChat/NetCoreAI.Project4_OpenAiChat.csproj" Id="4f57c3f9-2b33-4375-90f0-5207b22478c7" />
  <Project Path="NetCoreAI.Project5_OpenAiAudioToTextWithWhisper/NetCoreAI.Project5_OpenAiAudioToTextWithWhisper.csproj" Id="9dad118d-2be6-44ce-8a76-f57c4ee2e897" />
  <Project Path="NetCoreAI.Project6_OpenAiImageGenerationWithDallE/NetCoreAI.Project6_OpenAiImageGenerationWithDallE.csproj" Id="0776f970-63b1-445e-8bfe-8201acf1f194" />
  <Project Path="NetCoreAI.Project7_TesseractOcr/NetCoreAI.Project7_TesseractOcr.csproj" Id="e3b6888e-a0ca-40a4-b2ac-71f057a818aa" />
  <Project Path="NetCoreAI.Project8_GoogleCloudVision/NetCoreAI.Project8_GoogleCloudVision.csproj" Id="2375653a-f67a-4864-ac77-c58175b5d87b" />
</Solution>
